
Microsoft Visual Studio Solution File, Format Version 12.00
# Visual Studio Version 17
VisualStudioVersion = 17.2.32505.173
MinimumVisualStudioVersion = 10.0.40219.1
Project("{2150E333-8FDC-42A3-9474-1A3956D46DE8}") = "Solution items", "Solution items", "{8DC2F8A1-5E9E-48FF-A2BE-314DDBA77334}"
	ProjectSection(SolutionItems) = preProject
		.stylecop\stylecop.json = .stylecop\stylecop.json
		.stylecop\stylecop.ruleset = .stylecop\stylecop.ruleset
		.stylecop\stylecop_tests.ruleset = .stylecop\stylecop_tests.ruleset
	EndProjectSection
EndProject
Project("{2150E333-8FDC-42A3-9474-1A3956D46DE8}") = "src", "src", "{FC8028B4-7863-4FA2-B0B3-87DD8828D83D}"
EndProject
Project("{2150E333-8FDC-42A3-9474-1A3956D46DE8}") = "tests", "tests", "{AE911589-D225-4DA4-8604-F4459CBD1AD5}"
EndProject
Project("{9A19103F-16F7-4668-BE54-9A1E7A4F7556}") = "OnlineStore.CartService", "src\OnlineStore.CartService\OnlineStore.CartService.csproj", "{5D3F3295-8872-4AE0-BDA9-DEC21CD56E0F}"
EndProject
Project("{2150E333-8FDC-42A3-9474-1A3956D46DE8}") = "integration", "integration", "{79CAD1E4-F95F-4F6D-B9F5-0A937693261D}"
EndProject
Project("{9A19103F-16F7-4668-BE54-9A1E7A4F7556}") = "OnlineStore.CartService.Tests.Integration", "tests\integration\OnlineStore.CartService.Tests.Integration\OnlineStore.CartService.Tests.Integration.csproj", "{B39221D5-6C44-4EA0-B24F-178813CAFA32}"
EndProject
Project("{2150E333-8FDC-42A3-9474-1A3956D46DE8}") = "unit", "unit", "{CE1CFA07-8976-474E-B5F3-C49BCC71C86C}"
EndProject
Project("{9A19103F-16F7-4668-BE54-9A1E7A4F7556}") = "OnlineStore.CartService.Tests.Unit", "tests\unit\OnlineStore.CartService.Tests.Unit\OnlineStore.CartService.Tests.Unit.csproj", "{49AE899A-7394-41F7-AB44-2DAF242FD57C}"
EndProject
Project("{9A19103F-16F7-4668-BE54-9A1E7A4F7556}") = "OnlineStore.CatalogService.Domain", "src\OnlineStore.CatalogService.Domain\OnlineStore.CatalogService.Domain.csproj", "{199B4A63-AA78-4D9B-A136-87075AF7C164}"
EndProject
Project("{9A19103F-16F7-4668-BE54-9A1E7A4F7556}") = "OnlineStore.CatalogService.Infrastructure", "src\OnlineStore.CatalogService.Infrastructure\OnlineStore.CatalogService.Infrastructure.csproj", "{8E16FD69-792E-4654-8990-DFC55686DC87}"
EndProject
Project("{00D1A9C2-B5F0-4AF3-8072-F6C62B433612}") = "OnlineStore.CatalogService.Database", "src\OnlineStore.CatalogService.Database\OnlineStore.CatalogService.Database.sqlproj", "{083353E2-226A-4AAB-90FF-7589F48A68FC}"
EndProject
Project("{9A19103F-16F7-4668-BE54-9A1E7A4F7556}") = "OnlineStore.CatalogService.Infrastructure.Tests.Integration", "tests\integration\OnlineStore.CatalogService.Infrastructure.Tests.Integration\OnlineStore.CatalogService.Infrastructure.Tests.Integration.csproj", "{EA1BE3B5-A461-4880-82C2-61022C27EB8A}"
EndProject
Project("{9A19103F-16F7-4668-BE54-9A1E7A4F7556}") = "OnlineStore.CatalogService.Domain.Tests.Unit", "tests\unit\OnlineStore.CatalogService.Domain.Tests.Unit\OnlineStore.CatalogService.Domain.Tests.Unit.csproj", "{0CC30BE5-6D92-479B-984A-58F7102DC43F}"
EndProject
Global
	GlobalSection(SolutionConfigurationPlatforms) = preSolution
		Debug|Any CPU = Debug|Any CPU
		Release|Any CPU = Release|Any CPU
	EndGlobalSection
	GlobalSection(ProjectConfigurationPlatforms) = postSolution
		{5D3F3295-8872-4AE0-BDA9-DEC21CD56E0F}.Debug|Any CPU.ActiveCfg = Debug|Any CPU
		{5D3F3295-8872-4AE0-BDA9-DEC21CD56E0F}.Debug|Any CPU.Build.0 = Debug|Any CPU
		{5D3F3295-8872-4AE0-BDA9-DEC21CD56E0F}.Release|Any CPU.ActiveCfg = Release|Any CPU
		{5D3F3295-8872-4AE0-BDA9-DEC21CD56E0F}.Release|Any CPU.Build.0 = Release|Any CPU
		{B39221D5-6C44-4EA0-B24F-178813CAFA32}.Debug|Any CPU.ActiveCfg = Debug|Any CPU
		{B39221D5-6C44-4EA0-B24F-178813CAFA32}.Debug|Any CPU.Build.0 = Debug|Any CPU
		{B39221D5-6C44-4EA0-B24F-178813CAFA32}.Release|Any CPU.ActiveCfg = Release|Any CPU
		{B39221D5-6C44-4EA0-B24F-178813CAFA32}.Release|Any CPU.Build.0 = Release|Any CPU
		{49AE899A-7394-41F7-AB44-2DAF242FD57C}.Debug|Any CPU.ActiveCfg = Debug|Any CPU
		{49AE899A-7394-41F7-AB44-2DAF242FD57C}.Debug|Any CPU.Build.0 = Debug|Any CPU
		{49AE899A-7394-41F7-AB44-2DAF242FD57C}.Release|Any CPU.ActiveCfg = Release|Any CPU
		{49AE899A-7394-41F7-AB44-2DAF242FD57C}.Release|Any CPU.Build.0 = Release|Any CPU
		{199B4A63-AA78-4D9B-A136-87075AF7C164}.Debug|Any CPU.ActiveCfg = Debug|Any CPU
		{199B4A63-AA78-4D9B-A136-87075AF7C164}.Debug|Any CPU.Build.0 = Debug|Any CPU
		{199B4A63-AA78-4D9B-A136-87075AF7C164}.Release|Any CPU.ActiveCfg = Release|Any CPU
		{199B4A63-AA78-4D9B-A136-87075AF7C164}.Release|Any CPU.Build.0 = Release|Any CPU
		{8E16FD69-792E-4654-8990-DFC55686DC87}.Debug|Any CPU.ActiveCfg = Debug|Any CPU
		{8E16FD69-792E-4654-8990-DFC55686DC87}.Debug|Any CPU.Build.0 = Debug|Any CPU
		{8E16FD69-792E-4654-8990-DFC55686DC87}.Release|Any CPU.ActiveCfg = Release|Any CPU
		{8E16FD69-792E-4654-8990-DFC55686DC87}.Release|Any CPU.Build.0 = Release|Any CPU
		{083353E2-226A-4AAB-90FF-7589F48A68FC}.Debug|Any CPU.ActiveCfg = Debug|Any CPU
		{083353E2-226A-4AAB-90FF-7589F48A68FC}.Debug|Any CPU.Build.0 = Debug|Any CPU
		{083353E2-226A-4AAB-90FF-7589F48A68FC}.Debug|Any CPU.Deploy.0 = Debug|Any CPU
		{083353E2-226A-4AAB-90FF-7589F48A68FC}.Release|Any CPU.ActiveCfg = Release|Any CPU
		{083353E2-226A-4AAB-90FF-7589F48A68FC}.Release|Any CPU.Build.0 = Release|Any CPU
		{083353E2-226A-4AAB-90FF-7589F48A68FC}.Release|Any CPU.Deploy.0 = Release|Any CPU
		{EA1BE3B5-A461-4880-82C2-61022C27EB8A}.Debug|Any CPU.ActiveCfg = Debug|Any CPU
		{EA1BE3B5-A461-4880-82C2-61022C27EB8A}.Debug|Any CPU.Build.0 = Debug|Any CPU
		{EA1BE3B5-A461-4880-82C2-61022C27EB8A}.Release|Any CPU.ActiveCfg = Release|Any CPU
		{EA1BE3B5-A461-4880-82C2-61022C27EB8A}.Release|Any CPU.Build.0 = Release|Any CPU
		{0CC30BE5-6D92-479B-984A-58F7102DC43F}.Debug|Any CPU.ActiveCfg = Debug|Any CPU
		{0CC30BE5-6D92-479B-984A-58F7102DC43F}.Debug|Any CPU.Build.0 = Debug|Any CPU
		{0CC30BE5-6D92-479B-984A-58F7102DC43F}.Release|Any CPU.ActiveCfg = Release|Any CPU
		{0CC30BE5-6D92-479B-984A-58F7102DC43F}.Release|Any CPU.Build.0 = Release|Any CPU
	EndGlobalSection
	GlobalSection(SolutionProperties) = preSolution
		HideSolutionNode = FALSE
	EndGlobalSection
	GlobalSection(NestedProjects) = preSolution
		{5D3F3295-8872-4AE0-BDA9-DEC21CD56E0F} = {FC8028B4-7863-4FA2-B0B3-87DD8828D83D}
		{79CAD1E4-F95F-4F6D-B9F5-0A937693261D} = {AE911589-D225-4DA4-8604-F4459CBD1AD5}
		{B39221D5-6C44-4EA0-B24F-178813CAFA32} = {79CAD1E4-F95F-4F6D-B9F5-0A937693261D}
		{CE1CFA07-8976-474E-B5F3-C49BCC71C86C} = {AE911589-D225-4DA4-8604-F4459CBD1AD5}
		{49AE899A-7394-41F7-AB44-2DAF242FD57C} = {CE1CFA07-8976-474E-B5F3-C49BCC71C86C}
		{199B4A63-AA78-4D9B-A136-87075AF7C164} = {FC8028B4-7863-4FA2-B0B3-87DD8828D83D}
		{8E16FD69-792E-4654-8990-DFC55686DC87} = {FC8028B4-7863-4FA2-B0B3-87DD8828D83D}
		{083353E2-226A-4AAB-90FF-7589F48A68FC} = {FC8028B4-7863-4FA2-B0B3-87DD8828D83D}
		{EA1BE3B5-A461-4880-82C2-61022C27EB8A} = {79CAD1E4-F95F-4F6D-B9F5-0A937693261D}
		{0CC30BE5-6D92-479B-984A-58F7102DC43F} = {CE1CFA07-8976-474E-B5F3-C49BCC71C86C}
	EndGlobalSection
	GlobalSection(ExtensibilityGlobals) = postSolution
		SolutionGuid = {49E3B142-884E-468D-95AB-D7319E4301CE}
	EndGlobalSection
EndGlobal
